// !$*UTF8*$!
{
	archiveVersion = 1;
	classes = {
	};
	objectVersion = 56;
	objects = {

/* Begin PBXBuildFile section */
		B7F826982C4545FE007A1DFB /* AppDelegate.swift in Sources */ = {isa = PBXBuildFile; fileRef = B7F826972C4545FE007A1DFB /* AppDelegate.swift */; };
		B7F8269A2C4545FE007A1DFB /* ContentView.swift in Sources */ = {isa = PBXBuildFile; fileRef = B7F826992C4545FE007A1DFB /* ContentView.swift */; };
		B7F8269C2C4545FF007A1DFB /* Assets.xcassets in Resources */ = {isa = PBXBuildFile; fileRef = B7F8269B2C4545FF007A1DFB /* Assets.xcassets */; };
		B7F8269F2C4545FF007A1DFB /* Preview Assets.xcassets in Resources */ = {isa = PBXBuildFile; fileRef = B7F8269E2C4545FF007A1DFB /* Preview Assets.xcassets */; };
		B7F826A92C4545FF007A1DFB /* AccelerometerAppTests.swift in Sources */ = {isa = PBXBuildFile; fileRef = B7F826A82C4545FF007A1DFB /* AccelerometerAppTests.swift */; };
		B7F826B32C4545FF007A1DFB /* AccelerometerAppUITests.swift in Sources */ = {isa = PBXBuildFile; fileRef = B7F826B22C4545FF007A1DFB /* AccelerometerAppUITests.swift */; };
		B7F826B52C4545FF007A1DFB /* AccelerometerAppUITestsLaunchTests.swift in Sources */ = {isa = PBXBuildFile; fileRef = B7F826B42C4545FF007A1DFB /* AccelerometerAppUITestsLaunchTests.swift */; };
		B7F826C22C454713007A1DFB /* AccelereometerService.swift in Sources */ = {isa = PBXBuildFile; fileRef = B7F826C12C454713007A1DFB /* AccelereometerService.swift */; };
		B7F826C42C454C9C007A1DFB /* ARServiceCoordinator.swift in Sources */ = {isa = PBXBuildFile; fileRef = B7F826C32C454C9C007A1DFB /* ARServiceCoordinator.swift */; };
		B7F826C62C454D13007A1DFB /* ARViewContainer.swift in Sources */ = {isa = PBXBuildFile; fileRef = B7F826C52C454D13007A1DFB /* ARViewContainer.swift */; };
/* End PBXBuildFile section */

/* Begin PBXContainerItemProxy section */
		B7F826A52C4545FF007A1DFB /* PBXContainerItemProxy */ = {
			isa = PBXContainerItemProxy;
			containerPortal = B7F8268C2C4545FE007A1DFB /* Project object */;
			proxyType = 1;
			remoteGlobalIDString = B7F826932C4545FE007A1DFB;
			remoteInfo = AccelerometerApp;
		};
		B7F826AF2C4545FF007A1DFB /* PBXContainerItemProxy */ = {
			isa = PBXContainerItemProxy;
			containerPortal = B7F8268C2C4545FE007A1DFB /* Project object */;
			proxyType = 1;
			remoteGlobalIDString = B7F826932C4545FE007A1DFB;
			remoteInfo = AccelerometerApp;
		};
/* End PBXContainerItemProxy section */

/* Begin PBXFileReference section */
		B7F826942C4545FE007A1DFB /* AccelerometerApp.app */ = {isa = PBXFileReference; explicitFileType = wrapper.application; includeInIndex = 0; path = AccelerometerApp.app; sourceTree = BUILT_PRODUCTS_DIR; };
		B7F826972C4545FE007A1DFB /* AppDelegate.swift */ = {isa = PBXFileReference; lastKnownFileType = sourcecode.swift; path = AppDelegate.swift; sourceTree = "<group>"; };
		B7F826992C4545FE007A1DFB /* ContentView.swift */ = {isa = PBXFileReference; lastKnownFileType = sourcecode.swift; path = ContentView.swift; sourceTree = "<group>"; };
		B7F8269B2C4545FF007A1DFB /* Assets.xcassets */ = {isa = PBXFileReference; lastKnownFileType = folder.assetcatalog; path = Assets.xcassets; sourceTree = "<group>"; };
		B7F8269E2C4545FF007A1DFB /* Preview Assets.xcassets */ = {isa = PBXFileReference; lastKnownFileType = folder.assetcatalog; path = "Preview Assets.xcassets"; sourceTree = "<group>"; };
		B7F826A42C4545FF007A1DFB /* AccelerometerAppTests.xctest */ = {isa = PBXFileReference; explicitFileType = wrapper.cfbundle; includeInIndex = 0; path = AccelerometerAppTests.xctest; sourceTree = BUILT_PRODUCTS_DIR; };
		B7F826A82C4545FF007A1DFB /* AccelerometerAppTests.swift */ = {isa = PBXFileReference; lastKnownFileType = sourcecode.swift; path = AccelerometerAppTests.swift; sourceTree = "<group>"; };
		B7F826AE2C4545FF007A1DFB /* AccelerometerAppUITests.xctest */ = {isa = PBXFileReference; explicitFileType = wrapper.cfbundle; includeInIndex = 0; path = AccelerometerAppUITests.xctest; sourceTree = BUILT_PRODUCTS_DIR; };
		B7F826B22C4545FF007A1DFB /* AccelerometerAppUITests.swift */ = {isa = PBXFileReference; lastKnownFileType = sourcecode.swift; path = AccelerometerAppUITests.swift; sourceTree = "<group>"; };
		B7F826B42C4545FF007A1DFB /* AccelerometerAppUITestsLaunchTests.swift */ = {isa = PBXFileReference; lastKnownFileType = sourcecode.swift; path = AccelerometerAppUITestsLaunchTests.swift; sourceTree = "<group>"; };
		B7F826C12C454713007A1DFB /* AccelereometerService.swift */ = {isa = PBXFileReference; lastKnownFileType = sourcecode.swift; path = AccelereometerService.swift; sourceTree = "<group>"; };
		B7F826C32C454C9C007A1DFB /* ARServiceCoordinator.swift */ = {isa = PBXFileReference; lastKnownFileType = sourcecode.swift; path = ARServiceCoordinator.swift; sourceTree = "<group>"; };
		B7F826C52C454D13007A1DFB /* ARViewContainer.swift */ = {isa = PBXFileReference; lastKnownFileType = sourcecode.swift; path = ARViewContainer.swift; sourceTree = "<group>"; };
/* End PBXFileReference section */

/* Begin PBXFrameworksBuildPhase section */
		B7F826912C4545FE007A1DFB /* Frameworks */ = {
			isa = PBXFrameworksBuildPhase;
			buildActionMask = 2147483647;
			files = (
			);
			runOnlyForDeploymentPostprocessing = 0;
		};
		B7F826A12C4545FF007A1DFB /* Frameworks */ = {
			isa = PBXFrameworksBuildPhase;
			buildActionMask = 2147483647;
			files = (
			);
			runOnlyForDeploymentPostprocessing = 0;
		};
		B7F826AB2C4545FF007A1DFB /* Frameworks */ = {
			isa = PBXFrameworksBuildPhase;
			buildActionMask = 2147483647;
			files = (
			);
			runOnlyForDeploymentPostprocessing = 0;
		};
/* End PBXFrameworksBuildPhase section */

/* Begin PBXGroup section */
		B7F8268B2C4545FE007A1DFB = {
			isa = PBXGroup;
			children = (
				B7F826962C4545FE007A1DFB /* AccelerometerApp */,
				B7F826A72C4545FF007A1DFB /* AccelerometerAppTests */,
				B7F826B12C4545FF007A1DFB /* AccelerometerAppUITests */,
				B7F826952C4545FE007A1DFB /* Products */,
			);
			sourceTree = "<group>";
		};
		B7F826952C4545FE007A1DFB /* Products */ = {
			isa = PBXGroup;
			children = (
				B7F826942C4545FE007A1DFB /* AccelerometerApp.app */,
				B7F826A42C4545FF007A1DFB /* AccelerometerAppTests.xctest */,
				B7F826AE2C4545FF007A1DFB /* AccelerometerAppUITests.xctest */,
			);
			name = Products;
			sourceTree = "<group>";
		};
		B7F826962C4545FE007A1DFB /* AccelerometerApp */ = {
			isa = PBXGroup;
			children = (
				B7F826972C4545FE007A1DFB /* AppDelegate.swift */,
				B7F826C72C454D3A007A1DFB /* Services */,
				B7F826C82C454D54007A1DFB /* UI */,
				B7F8269B2C4545FF007A1DFB /* Assets.xcassets */,
				B7F8269D2C4545FF007A1DFB /* Preview Content */,
			);
			path = AccelerometerApp;
			sourceTree = "<group>";
		};
		B7F8269D2C4545FF007A1DFB /* Preview Content */ = {
			isa = PBXGroup;
			children = (
				B7F8269E2C4545FF007A1DFB /* Preview Assets.xcassets */,
			);
			path = "Preview Content";
			sourceTree = "<group>";
		};
		B7F826A72C4545FF007A1DFB /* AccelerometerAppTests */ = {
			isa = PBXGroup;
			children = (
				B7F826A82C4545FF007A1DFB /* AccelerometerAppTests.swift */,
			);
			path = AccelerometerAppTests;
			sourceTree = "<group>";
		};
		B7F826B12C4545FF007A1DFB /* AccelerometerAppUITests */ = {
			isa = PBXGroup;
			children = (
				B7F826B22C4545FF007A1DFB /* AccelerometerAppUITests.swift */,
				B7F826B42C4545FF007A1DFB /* AccelerometerAppUITestsLaunchTests.swift */,
			);
			path = AccelerometerAppUITests;
			sourceTree = "<group>";
		};
		B7F826C72C454D3A007A1DFB /* Services */ = {
			isa = PBXGroup;
			children = (
				B7F826C12C454713007A1DFB /* AccelereometerService.swift */,
				B7F826C32C454C9C007A1DFB /* ARServiceCoordinator.swift */,
			);
			path = Services;
			sourceTree = "<group>";
		};
		B7F826C82C454D54007A1DFB /* UI */ = {
			isa = PBXGroup;
			children = (
				B7F826992C4545FE007A1DFB /* ContentView.swift */,
				B7F826C52C454D13007A1DFB /* ARViewContainer.swift */,
			);
			path = UI;
			sourceTree = "<group>";
		};
/* End PBXGroup section */

/* Begin PBXNativeTarget section */
		B7F826932C4545FE007A1DFB /* AccelerometerApp */ = {
			isa = PBXNativeTarget;
			buildConfigurationList = B7F826B82C4545FF007A1DFB /* Build configuration list for PBXNativeTarget "AccelerometerApp" */;
			buildPhases = (
				B7F826902C4545FE007A1DFB /* Sources */,
				B7F826912C4545FE007A1DFB /* Frameworks */,
				B7F826922C4545FE007A1DFB /* Resources */,
			);
			buildRules = (
			);
			dependencies = (
			);
			name = AccelerometerApp;
			productName = AccelerometerApp;
			productReference = B7F826942C4545FE007A1DFB /* AccelerometerApp.app */;
			productType = "com.apple.product-type.application";
		};
		B7F826A32C4545FF007A1DFB /* AccelerometerAppTests */ = {
			isa = PBXNativeTarget;
			buildConfigurationList = B7F826BB2C4545FF007A1DFB /* Build configuration list for PBXNativeTarget "AccelerometerAppTests" */;
			buildPhases = (
				B7F826A02C4545FF007A1DFB /* Sources */,
				B7F826A12C4545FF007A1DFB /* Frameworks */,
				B7F826A22C4545FF007A1DFB /* Resources */,
			);
			buildRules = (
			);
			dependencies = (
				B7F826A62C4545FF007A1DFB /* PBXTargetDependency */,
			);
			name = AccelerometerAppTests;
			productName = AccelerometerAppTests;
			productReference = B7F826A42C4545FF007A1DFB /* AccelerometerAppTests.xctest */;
			productType = "com.apple.product-type.bundle.unit-test";
		};
		B7F826AD2C4545FF007A1DFB /* AccelerometerAppUITests */ = {
			isa = PBXNativeTarget;
			buildConfigurationList = B7F826BE2C4545FF007A1DFB /* Build configuration list for PBXNativeTarget "AccelerometerAppUITests" */;
			buildPhases = (
				B7F826AA2C4545FF007A1DFB /* Sources */,
				B7F826AB2C4545FF007A1DFB /* Frameworks */,
				B7F826AC2C4545FF007A1DFB /* Resources */,
			);
			buildRules = (
			);
			dependencies = (
				B7F826B02C4545FF007A1DFB /* PBXTargetDependency */,
			);
			name = AccelerometerAppUITests;
			productName = AccelerometerAppUITests;
			productReference = B7F826AE2C4545FF007A1DFB /* AccelerometerAppUITests.xctest */;
			productType = "com.apple.product-type.bundle.ui-testing";
		};
/* End PBXNativeTarget section */

/* Begin PBXProject section */
		B7F8268C2C4545FE007A1DFB /* Project object */ = {
			isa = PBXProject;
			attributes = {
				BuildIndependentTargetsInParallel = 1;
				LastSwiftUpdateCheck = 1520;
				LastUpgradeCheck = 1520;
				TargetAttributes = {
					B7F826932C4545FE007A1DFB = {
						CreatedOnToolsVersion = 15.2;
					};
					B7F826A32C4545FF007A1DFB = {
						CreatedOnToolsVersion = 15.2;
						TestTargetID = B7F826932C4545FE007A1DFB;
					};
					B7F826AD2C4545FF007A1DFB = {
						CreatedOnToolsVersion = 15.2;
						TestTargetID = B7F826932C4545FE007A1DFB;
					};
				};
			};
			buildConfigurationList = B7F8268F2C4545FE007A1DFB /* Build configuration list for PBXProject "AccelerometerApp" */;
			compatibilityVersion = "Xcode 14.0";
			developmentRegion = en;
			hasScannedForEncodings = 0;
			knownRegions = (
				en,
				Base,
			);
			mainGroup = B7F8268B2C4545FE007A1DFB;
			productRefGroup = B7F826952C4545FE007A1DFB /* Products */;
			projectDirPath = "";
			projectRoot = "";
			targets = (
				B7F826932C4545FE007A1DFB /* AccelerometerApp */,
				B7F826A32C4545FF007A1DFB /* AccelerometerAppTests */,
				B7F826AD2C4545FF007A1DFB /* AccelerometerAppUITests */,
			);
		};
/* End PBXProject section */

/* Begin PBXResourcesBuildPhase section */
		B7F826922C4545FE007A1DFB /* Resources */ = {
			isa = PBXResourcesBuildPhase;
			buildActionMask = 2147483647;
			files = (
				B7F8269F2C4545FF007A1DFB /* Preview Assets.xcassets in Resources */,
				B7F8269C2C4545FF007A1DFB /* Assets.xcassets in Resources */,
			);
			runOnlyForDeploymentPostprocessing = 0;
		};
		B7F826A22C4545FF007A1DFB /* Resources */ = {
			isa = PBXResourcesBuildPhase;
			buildActionMask = 2147483647;
			files = (
			);
			runOnlyForDeploymentPostprocessing = 0;
		};
		B7F826AC2C4545FF007A1DFB /* Resources */ = {
			isa = PBXResourcesBuildPhase;
			buildActionMask = 2147483647;
			files = (
			);
			runOnlyForDeploymentPostprocessing = 0;
		};
/* End PBXResourcesBuildPhase section */

/* Begin PBXSourcesBuildPhase section */
		B7F826902C4545FE007A1DFB /* Sources */ = {
			isa = PBXSourcesBuildPhase;
			buildActionMask = 2147483647;
			files = (
				B7F8269A2C4545FE007A1DFB /* ContentView.swift in Sources */,
				B7F826C42C454C9C007A1DFB /* ARServiceCoordinator.swift in Sources */,
				B7F826982C4545FE007A1DFB /* AppDelegate.swift in Sources */,
				B7F826C22C454713007A1DFB /* AccelereometerService.swift in Sources */,
				B7F826C62C454D13007A1DFB /* ARViewContainer.swift in Sources */,
			);
			runOnlyForDeploymentPostprocessing = 0;
		};
		B7F826A02C4545FF007A1DFB /* Sources */ = {
			isa = PBXSourcesBuildPhase;
			buildActionMask = 2147483647;
			files = (
				B7F826A92C4545FF007A1DFB /* AccelerometerAppTests.swift in Sources */,
			);
			runOnlyForDeploymentPostprocessing = 0;
		};
		B7F826AA2C4545FF007A1DFB /* Sources */ = {
			isa = PBXSourcesBuildPhase;
			buildActionMask = 2147483647;
			files = (
				B7F826B52C4545FF007A1DFB /* AccelerometerAppUITestsLaunchTests.swift in Sources */,
				B7F826B32C4545FF007A1DFB /* AccelerometerAppUITests.swift in Sources */,
			);
			runOnlyForDeploymentPostprocessing = 0;
		};
/* End PBXSourcesBuildPhase section */

/* Begin PBXTargetDependency section */
		B7F826A62C4545FF007A1DFB /* PBXTargetDependency */ = {
			isa = PBXTargetDependency;
			target = B7F826932C4545FE007A1DFB /* AccelerometerApp */;
			targetProxy = B7F826A52C4545FF007A1DFB /* PBXContainerItemProxy */;
		};
		B7F826B02C4545FF007A1DFB /* PBXTargetDependency */ = {
			isa = PBXTargetDependency;
			target = B7F826932C4545FE007A1DFB /* AccelerometerApp */;
			targetProxy = B7F826AF2C4545FF007A1DFB /* PBXContainerItemProxy */;
		};
/* End PBXTargetDependency section */

/* Begin XCBuildConfiguration section */
		B7F826B62C4545FF007A1DFB /* Debug */ = {
			isa = XCBuildConfiguration;
			buildSettings = {
				ALWAYS_SEARCH_USER_PATHS = NO;
				ASSETCATALOG_COMPILER_GENERATE_SWIFT_ASSET_SYMBOL_EXTENSIONS = YES;
				CLANG_ANALYZER_NONNULL = YES;
				CLANG_ANALYZER_NUMBER_OBJECT_CONVERSION = YES_AGGRESSIVE;
				CLANG_CXX_LANGUAGE_STANDARD = "gnu++20";
				CLANG_ENABLE_MODULES = YES;
				CLANG_ENABLE_OBJC_ARC = YES;
				CLANG_ENABLE_OBJC_WEAK = YES;
				CLANG_WARN_BLOCK_CAPTURE_AUTORELEASING = YES;
				CLANG_WARN_BOOL_CONVERSION = YES;
				CLANG_WARN_COMMA = YES;
				CLANG_WARN_CONSTANT_CONVERSION = YES;
				CLANG_WARN_DEPRECATED_OBJC_IMPLEMENTATIONS = YES;
				CLANG_WARN_DIRECT_OBJC_ISA_USAGE = YES_ERROR;
				CLANG_WARN_DOCUMENTATION_COMMENTS = YES;
				CLANG_WARN_EMPTY_BODY = YES;
				CLANG_WARN_ENUM_CONVERSION = YES;
				CLANG_WARN_INFINITE_RECURSION = YES;
				CLANG_WARN_INT_CONVERSION = YES;
				CLANG_WARN_NON_LITERAL_NULL_CONVERSION = YES;
				CLANG_WARN_OBJC_IMPLICIT_RETAIN_SELF = YES;
				CLANG_WARN_OBJC_LITERAL_CONVERSION = YES;
				CLANG_WARN_OBJC_ROOT_CLASS = YES_ERROR;
				CLANG_WARN_QUOTED_INCLUDE_IN_FRAMEWORK_HEADER = YES;
				CLANG_WARN_RANGE_LOOP_ANALYSIS = YES;
				CLANG_WARN_STRICT_PROTOTYPES = YES;
				CLANG_WARN_SUSPICIOUS_MOVE = YES;
				CLANG_WARN_UNGUARDED_AVAILABILITY = YES_AGGRESSIVE;
				CLANG_WARN_UNREACHABLE_CODE = YES;
				CLANG_WARN__DUPLICATE_METHOD_MATCH = YES;
				COPY_PHASE_STRIP = NO;
				DEBUG_INFORMATION_FORMAT = dwarf;
				ENABLE_STRICT_OBJC_MSGSEND = YES;
				ENABLE_TESTABILITY = YES;
				ENABLE_USER_SCRIPT_SANDBOXING = YES;
				GCC_C_LANGUAGE_STANDARD = gnu17;
				GCC_DYNAMIC_NO_PIC = NO;
				GCC_NO_COMMON_BLOCKS = YES;
				GCC_OPTIMIZATION_LEVEL = 0;
				GCC_PREPROCESSOR_DEFINITIONS = (
					"DEBUG=1",
					"$(inherited)",
				);
				GCC_WARN_64_TO_32_BIT_CONVERSION = YES;
				GCC_WARN_ABOUT_RETURN_TYPE = YES_ERROR;
				GCC_WARN_UNDECLARED_SELECTOR = YES;
				GCC_WARN_UNINITIALIZED_AUTOS = YES_AGGRESSIVE;
				GCC_WARN_UNUSED_FUNCTION = YES;
				GCC_WARN_UNUSED_VARIABLE = YES;
				IPHONEOS_DEPLOYMENT_TARGET = 17.2;
				LOCALIZATION_PREFERS_STRING_CATALOGS = YES;
				MTL_ENABLE_DEBUG_INFO = INCLUDE_SOURCE;
				MTL_FAST_MATH = YES;
				ONLY_ACTIVE_ARCH = YES;
				SDKROOT = iphoneos;
				SWIFT_ACTIVE_COMPILATION_CONDITIONS = "DEBUG $(inherited)";
				SWIFT_OPTIMIZATION_LEVEL = "-Onone";
			};
			name = Debug;
		};
		B7F826B72C4545FF007A1DFB /* Release */ = {
			isa = XCBuildConfiguration;
			buildSettings = {
				ALWAYS_SEARCH_USER_PATHS = NO;
				ASSETCATALOG_COMPILER_GENERATE_SWIFT_ASSET_SYMBOL_EXTENSIONS = YES;
				CLANG_ANALYZER_NONNULL = YES;
				CLANG_ANALYZER_NUMBER_OBJECT_CONVERSION = YES_AGGRESSIVE;
				CLANG_CXX_LANGUAGE_STANDARD = "gnu++20";
				CLANG_ENABLE_MODULES = YES;
				CLANG_ENABLE_OBJC_ARC = YES;
				CLANG_ENABLE_OBJC_WEAK = YES;
				CLANG_WARN_BLOCK_CAPTURE_AUTORELEASING = YES;
				CLANG_WARN_BOOL_CONVERSION = YES;
				CLANG_WARN_COMMA = YES;
				CLANG_WARN_CONSTANT_CONVERSION = YES;
				CLANG_WARN_DEPRECATED_OBJC_IMPLEMENTATIONS = YES;
				CLANG_WARN_DIRECT_OBJC_ISA_USAGE = YES_ERROR;
				CLANG_WARN_DOCUMENTATION_COMMENTS = YES;
				CLANG_WARN_EMPTY_BODY = YES;
				CLANG_WARN_ENUM_CONVERSION = YES;
				CLANG_WARN_INFINITE_RECURSION = YES;
				CLANG_WARN_INT_CONVERSION = YES;
				CLANG_WARN_NON_LITERAL_NULL_CONVERSION = YES;
				CLANG_WARN_OBJC_IMPLICIT_RETAIN_SELF = YES;
				CLANG_WARN_OBJC_LITERAL_CONVERSION = YES;
				CLANG_WARN_OBJC_ROOT_CLASS = YES_ERROR;
				CLANG_WARN_QUOTED_INCLUDE_IN_FRAMEWORK_HEADER = YES;
				CLANG_WARN_RANGE_LOOP_ANALYSIS = YES;
				CLANG_WARN_STRICT_PROTOTYPES = YES;
				CLANG_WARN_SUSPICIOUS_MOVE = YES;
				CLANG_WARN_UNGUARDED_AVAILABILITY = YES_AGGRESSIVE;
				CLANG_WARN_UNREACHABLE_CODE = YES;
				CLANG_WARN__DUPLICATE_METHOD_MATCH = YES;
				COPY_PHASE_STRIP = NO;
				DEBUG_INFORMATION_FORMAT = "dwarf-with-dsym";
				ENABLE_NS_ASSERTIONS = NO;
				ENABLE_STRICT_OBJC_MSGSEND = YES;
				ENABLE_USER_SCRIPT_SANDBOXING = YES;
				GCC_C_LANGUAGE_STANDARD = gnu17;
				GCC_NO_COMMON_BLOCKS = YES;
				GCC_WARN_64_TO_32_BIT_CONVERSION = YES;
				GCC_WARN_ABOUT_RETURN_TYPE = YES_ERROR;
				GCC_WARN_UNDECLARED_SELECTOR = YES;
				GCC_WARN_UNINITIALIZED_AUTOS = YES_AGGRESSIVE;
				GCC_WARN_UNUSED_FUNCTION = YES;
				GCC_WARN_UNUSED_VARIABLE = YES;
				IPHONEOS_DEPLOYMENT_TARGET = 17.2;
				LOCALIZATION_PREFERS_STRING_CATALOGS = YES;
				MTL_ENABLE_DEBUG_INFO = NO;
				MTL_FAST_MATH = YES;
				SDKROOT = iphoneos;
				SWIFT_COMPILATION_MODE = wholemodule;
				VALIDATE_PRODUCT = YES;
			};
			name = Release;
		};
		B7F826B92C4545FF007A1DFB /* Debug */ = {
			isa = XCBuildConfiguration;
			buildSettings = {
				ASSETCATALOG_COMPILER_APPICON_NAME = AppIcon;
				ASSETCATALOG_COMPILER_GLOBAL_ACCENT_COLOR_NAME = AccentColor;
				CODE_SIGN_STYLE = Automatic;
				CURRENT_PROJECT_VERSION = 1;
				DEVELOPMENT_ASSET_PATHS = "\"AccelerometerApp/Preview Content\"";
				DEVELOPMENT_TEAM = QHG34765G4;
				ENABLE_PREVIEWS = YES;
				GENERATE_INFOPLIST_FILE = YES;
				INFOPLIST_KEY_NSCameraUsageDescription = "";
				INFOPLIST_KEY_UIApplicationSupportsIndirectInputEvents = YES;
				INFOPLIST_KEY_UILaunchScreen_Generation = YES;
				INFOPLIST_KEY_UIRequiredDeviceCapabilities = arkit;
				INFOPLIST_KEY_UIStatusBarHidden = YES;
				INFOPLIST_KEY_UISupportedInterfaceOrientations = "UIInterfaceOrientationLandscapeLeft UIInterfaceOrientationLandscapeRight";
				IPHONEOS_DEPLOYMENT_TARGET = 16.0;
				LD_RUNPATH_SEARCH_PATHS = (
					"$(inherited)",
					"@executable_path/Frameworks",
				);
				MARKETING_VERSION = 1.0;
				PRODUCT_BUNDLE_IDENTIFIER = com.paste89.accelerometerApp;
				PRODUCT_NAME = "$(TARGET_NAME)";
				SWIFT_EMIT_LOC_STRINGS = YES;
				SWIFT_VERSION = 5.0;
				TARGETED_DEVICE_FAMILY = "1,2";
			};
			name = Debug;
		};
		B7F826BA2C4545FF007A1DFB /* Release */ = {
			isa = XCBuildConfiguration;
			buildSettings = {
				ASSETCATALOG_COMPILER_APPICON_NAME = AppIcon;
				ASSETCATALOG_COMPILER_GLOBAL_ACCENT_COLOR_NAME = AccentColor;
				CODE_SIGN_STYLE = Automatic;
				CURRENT_PROJECT_VERSION = 1;
				DEVELOPMENT_ASSET_PATHS = "\"AccelerometerApp/Preview Content\"";
				DEVELOPMENT_TEAM = QHG34765G4;
				ENABLE_PREVIEWS = YES;
				GENERATE_INFOPLIST_FILE = YES;
				INFOPLIST_KEY_NSCameraUsageDescription = "";
				INFOPLIST_KEY_UIApplicationSupportsIndirectInputEvents = YES;
				INFOPLIST_KEY_UILaunchScreen_Generation = YES;
				INFOPLIST_KEY_UIRequiredDeviceCapabilities = arkit;
				INFOPLIST_KEY_UIStatusBarHidden = YES;
				INFOPLIST_KEY_UISupportedInterfaceOrientations = "UIInterfaceOrientationLandscapeLeft UIInterfaceOrientationLandscapeRight";
				IPHONEOS_DEPLOYMENT_TARGET = 16.0;
				LD_RUNPATH_SEARCH_PATHS = (
					"$(inherited)",
					"@executable_path/Frameworks",
				);
				MARKETING_VERSION = 1.0;
				PRODUCT_BUNDLE_IDENTIFIER = com.paste89.accelerometerApp;
				PRODUCT_NAME = "$(TARGET_NAME)";
				SWIFT_EMIT_LOC_STRINGS = YES;
				SWIFT_VERSION = 5.0;
				TARGETED_DEVICE_FAMILY = "1,2";
			};
			name = Release;
		};
		B7F826BC2C4545FF007A1DFB /* Debug */ = {
			isa = XCBuildConfiguration;
			buildSettings = {
				ALWAYS_EMBED_SWIFT_STANDARD_LIBRARIES = YES;
				BUNDLE_LOADER = "$(TEST_HOST)";
				CODE_SIGN_STYLE = Automatic;
				CURRENT_PROJECT_VERSION = 1;
				DEVELOPMENT_TEAM = QHG34765G4;
				GENERATE_INFOPLIST_FILE = YES;
				IPHONEOS_DEPLOYMENT_TARGET = 17.2;
				MARKETING_VERSION = 1.0;
				PRODUCT_BUNDLE_IDENTIFIER = com.paste89.accelerometerApp.AccelerometerAppTests;
				PRODUCT_NAME = "$(TARGET_NAME)";
				SWIFT_EMIT_LOC_STRINGS = NO;
				SWIFT_VERSION = 5.0;
				TARGETED_DEVICE_FAMILY = "1,2";
				TEST_HOST = "$(BUILT_PRODUCTS_DIR)/AccelerometerApp.app/$(BUNDLE_EXECUTABLE_FOLDER_PATH)/AccelerometerApp";
			};
			name = Debug;
		};
		B7F826BD2C4545FF007A1DFB /* Release */ = {
			isa = XCBuildConfiguration;
			buildSettings = {
				ALWAYS_EMBED_SWIFT_STANDARD_LIBRARIES = YES;
				BUNDLE_LOADER = "$(TEST_HOST)";
				CODE_SIGN_STYLE = Automatic;
				CURRENT_PROJECT_VERSION = 1;
				DEVELOPMENT_TEAM = QHG34765G4;
				GENERATE_INFOPLIST_FILE = YES;
				IPHONEOS_DEPLOYMENT_TARGET = 17.2;
				MARKETING_VERSION = 1.0;
				PRODUCT_BUNDLE_IDENTIFIER = com.paste89.accelerometerApp.AccelerometerAppTests;
				PRODUCT_NAME = "$(TARGET_NAME)";
				SWIFT_EMIT_LOC_STRINGS = NO;
				SWIFT_VERSION = 5.0;
				TARGETED_DEVICE_FAMILY = "1,2";
				TEST_HOST = "$(BUILT_PRODUCTS_DIR)/AccelerometerApp.app/$(BUNDLE_EXECUTABLE_FOLDER_PATH)/AccelerometerApp";
			};
			name = Release;
		};
		B7F826BF2C4545FF007A1DFB /* Debug */ = {
			isa = XCBuildConfiguration;
			buildSettings = {
				ALWAYS_EMBED_SWIFT_STANDARD_LIBRARIES = YES;
				CODE_SIGN_STYLE = Automatic;
				CURRENT_PROJECT_VERSION = 1;
				DEVELOPMENT_TEAM = QHG34765G4;
				GENERATE_INFOPLIST_FILE = YES;
				MARKETING_VERSION = 1.0;
				PRODUCT_BUNDLE_IDENTIFIER = com.paste89.accelerometerApp.AccelerometerAppUITests;
				PRODUCT_NAME = "$(TARGET_NAME)";
				SWIFT_EMIT_LOC_STRINGS = NO;
				SWIFT_VERSION = 5.0;
				TARGETED_DEVICE_FAMILY = "1,2";
				TEST_TARGET_NAME = AccelerometerApp;
			};
			name = Debug;
		};
		B7F826C02C4545FF007A1DFB /* Release */ = {
			isa = XCBuildConfiguration;
			buildSettings = {
				ALWAYS_EMBED_SWIFT_STANDARD_LIBRARIES = YES;
				CODE_SIGN_STYLE = Automatic;
				CURRENT_PROJECT_VERSION = 1;
				DEVELOPMENT_TEAM = QHG34765G4;
				GENERATE_INFOPLIST_FILE = YES;
				MARKETING_VERSION = 1.0;
				PRODUCT_BUNDLE_IDENTIFIER = com.paste89.accelerometerApp.AccelerometerAppUITests;
				PRODUCT_NAME = "$(TARGET_NAME)";
				SWIFT_EMIT_LOC_STRINGS = NO;
				SWIFT_VERSION = 5.0;
				TARGETED_DEVICE_FAMILY = "1,2";
				TEST_TARGET_NAME = AccelerometerApp;
			};
			name = Release;
		};
/* End XCBuildConfiguration section */

/* Begin XCConfigurationList section */
		B7F8268F2C4545FE007A1DFB /* Build configuration list for PBXProject "AccelerometerApp" */ = {
			isa = XCConfigurationList;
			buildConfigurations = (
				B7F826B62C4545FF007A1DFB /* Debug */,
				B7F826B72C4545FF007A1DFB /* Release */,
			);
			defaultConfigurationIsVisible = 0;
			defaultConfigurationName = Release;
		};
		B7F826B82C4545FF007A1DFB /* Build configuration list for PBXNativeTarget "AccelerometerApp" */ = {
			isa = XCConfigurationList;
			buildConfigurations = (
				B7F826B92C4545FF007A1DFB /* Debug */,
				B7F826BA2C4545FF007A1DFB /* Release */,
			);
			defaultConfigurationIsVisible = 0;
			defaultConfigurationName = Release;
		};
		B7F826BB2C4545FF007A1DFB /* Build configuration list for PBXNativeTarget "AccelerometerAppTests" */ = {
			isa = XCConfigurationList;
			buildConfigurations = (
				B7F826BC2C4545FF007A1DFB /* Debug */,
				B7F826BD2C4545FF007A1DFB /* Release */,
			);
			defaultConfigurationIsVisible = 0;
			defaultConfigurationName = Release;
		};
		B7F826BE2C4545FF007A1DFB /* Build configuration list for PBXNativeTarget "AccelerometerAppUITests" */ = {
			isa = XCConfigurationList;
			buildConfigurations = (
				B7F826BF2C4545FF007A1DFB /* Debug */,
				B7F826C02C4545FF007A1DFB /* Release */,
			);
			defaultConfigurationIsVisible = 0;
			defaultConfigurationName = Release;
		};
/* End XCConfigurationList section */
	};
	rootObject = B7F8268C2C4545FE007A1DFB /* Project object */;
}
